
Microsoft Visual Studio Solution File, Format Version 12.00
# Visual Studio Version 16
VisualStudioVersion = 16.0.30711.63
MinimumVisualStudioVersion = 10.0.40219.1
Project("{8BC9CEB8-8B4A-11D0-8D11-00A0C91BC942}") = "BitMapProject21_12_27", "BitMapProject21_12_27\BitMapProject.vcxproj", "{BD8B889B-AD38-449F-9B5C-DB732E7E5465}"
EndProject
Project("{8BC9CEB8-8B4A-11D0-8D11-00A0C91BC942}") = "examination", "examination\examination.vcxproj", "{8E7874CB-50B8-4C6F-BC3C-6451846404CD}"
EndProject
Project("{8BC9CEB8-8B4A-11D0-8D11-00A0C91BC942}") = "examination2", "examination2\examination2.vcxproj", "{FB9DCB63-A725-4EC4-B3C6-5C0DEF4D27A8}"
EndProject
Project("{8BC9CEB8-8B4A-11D0-8D11-00A0C91BC942}") = "examination3", "examination3\examination3.vcxproj", "{C870FD34-82ED-4B4D-B5FB-A86BFC9391E2}"
EndProject
Project("{8BC9CEB8-8B4A-11D0-8D11-00A0C91BC942}") = "FinalBitmapReview_multi_png_21_01_07", "FinalBitmapReview_multi_png_21_01_07\FinalReviewAlpha.vcxproj", "{0FDB170B-9F0D-4693-BE98-4572E40939D0}"
EndProject
Project("{8BC9CEB8-8B4A-11D0-8D11-00A0C91BC942}") = "FinalBitmapReview_single_png_21_01_07", "FinalBitmapReview_single_png_21_01_07\FinalBitmapRewive.vcxproj", "{68705E68-991A-49D8-AA5E-95B025C5ABE3}"
EndProject
Project("{8BC9CEB8-8B4A-11D0-8D11-00A0C91BC942}") = "FinalreviewConnect221_21_01_08", "FinalreviewConnect221_21_01_08\FinalreviewBeta.vcxproj", "{68653F1A-2AEA-4E06-9EF5-2ADED0675BD2}"
EndProject
Project("{8BC9CEB8-8B4A-11D0-8D11-00A0C91BC942}") = "FinalreviewConnect221Review_21_01_11", "FinalreviewConnect221Review_21_01_11\FinalreviewBetaModify.vcxproj", "{D154D7F8-D830-4CA5-9CE0-4BABCF6A8BF4}"
EndProject
Project("{8BC9CEB8-8B4A-11D0-8D11-00A0C91BC942}") = "JSF_TO_TEXT21_01_07", "JSF_TO_TEXT21_01_07\JSF_TO_TEXT.vcxproj", "{D6CB89A1-4776-40A6-A129-305908D1BA80}"
EndProject
Project("{8BC9CEB8-8B4A-11D0-8D11-00A0C91BC942}") = "LoadBitMap_21_01_12", "LoadBitMap_21_01_12\LoadBitMap.vcxproj", "{D5C9513A-D7AA-4D29-A96B-F7FC9CC0365B}"
EndProject
Project("{8BC9CEB8-8B4A-11D0-8D11-00A0C91BC942}") = "Modal_Modaless21_01_11", "Modal_Modaless21_01_11\Modal_Modaless.vcxproj", "{A4B34DE2-8951-4E24-B389-8EAC661143C6}"
EndProject
Project("{8BC9CEB8-8B4A-11D0-8D11-00A0C91BC942}") = "MyProject", "MyProject\MyProject.vcxproj", "{092BCD6C-E8D9-4B95-8ED5-DA4AF4D2145A}"
EndProject
Project("{8BC9CEB8-8B4A-11D0-8D11-00A0C91BC942}") = "TimeCount21_01_11", "TimeCount21_01_11\TimeCount.vcxproj", "{0CC58D3C-38D5-40DB-824B-539A5BA6F5C2}"
EndProject
Project("{8BC9CEB8-8B4A-11D0-8D11-00A0C91BC942}") = "Windows1_InitInstance_21_12_28", "Windows1_InitInstance_21_12_28\WindowsProject1.vcxproj", "{FF812283-2393-4151-A477-8B50B18F1D55}"
EndProject
Project("{8BC9CEB8-8B4A-11D0-8D11-00A0C91BC942}") = "Windows2_wsprintf_21_12_29", "Windows2_wsprintf_21_12_29\WindowsProject2.vcxproj", "{AC2C9A02-4A2E-405D-9019-AA21EC311A7D}"
EndProject
Project("{8BC9CEB8-8B4A-11D0-8D11-00A0C91BC942}") = "Windows3_button_timer_paint21_12_30", "Windows3_button_timer_paint21_12_30\WindowsProject3.vcxproj", "{CACDA517-0775-4457-88D1-761E930CDD7C}"
EndProject
Project("{8BC9CEB8-8B4A-11D0-8D11-00A0C91BC942}") = "Windows4_SpinStar_21_01_04", "Windows4_SpinStar_21_01_04\WindowsProject4.vcxproj", "{9653ABCE-7023-48B7-B116-4C912AD89273}"
EndProject
Project("{8BC9CEB8-8B4A-11D0-8D11-00A0C91BC942}") = "Windows5_SpinStar_21_01_04", "Windows5_SpinStar_21_01_04\WindowsProject5.vcxproj", "{74E76219-4089-4069-9138-8C4AA1BA80B0}"
EndProject
Project("{8BC9CEB8-8B4A-11D0-8D11-00A0C91BC942}") = "Windows6_Pinpong_Bitmap_21_01_04", "Windows6_Pinpong_Bitmap_21_01_04\WindowsProject6.vcxproj", "{DC759BF7-584A-4D08-A911-6DCFAF443F34}"
EndProject
Project("{8BC9CEB8-8B4A-11D0-8D11-00A0C91BC942}") = "WindowProject7_HeaderFile", "Windows7_LocateCenterDialog_21_01_11\WindowsProject7.vcxproj", "{90E45314-8AFE-4D2D-B6F3-019C64A7801B}"
EndProject
Global
	GlobalSection(SolutionConfigurationPlatforms) = preSolution
		Debug|x64 = Debug|x64
		Debug|x86 = Debug|x86
		Release|x64 = Release|x64
		Release|x86 = Release|x86
	EndGlobalSection
	GlobalSection(ProjectConfigurationPlatforms) = postSolution
		{BD8B889B-AD38-449F-9B5C-DB732E7E5465}.Debug|x64.ActiveCfg = Debug|x64
		{BD8B889B-AD38-449F-9B5C-DB732E7E5465}.Debug|x64.Build.0 = Debug|x64
		{BD8B889B-AD38-449F-9B5C-DB732E7E5465}.Debug|x86.ActiveCfg = Debug|Win32
		{BD8B889B-AD38-449F-9B5C-DB732E7E5465}.Debug|x86.Build.0 = Debug|Win32
		{BD8B889B-AD38-449F-9B5C-DB732E7E5465}.Release|x64.ActiveCfg = Release|x64
		{BD8B889B-AD38-449F-9B5C-DB732E7E5465}.Release|x64.Build.0 = Release|x64
		{BD8B889B-AD38-449F-9B5C-DB732E7E5465}.Release|x86.ActiveCfg = Release|Win32
		{BD8B889B-AD38-449F-9B5C-DB732E7E5465}.Release|x86.Build.0 = Release|Win32
		{8E7874CB-50B8-4C6F-BC3C-6451846404CD}.Debug|x64.ActiveCfg = Debug|x64
		{8E7874CB-50B8-4C6F-BC3C-6451846404CD}.Debug|x64.Build.0 = Debug|x64
		{8E7874CB-50B8-4C6F-BC3C-6451846404CD}.Debug|x86.ActiveCfg = Debug|Win32
		{8E7874CB-50B8-4C6F-BC3C-6451846404CD}.Debug|x86.Build.0 = Debug|Win32
		{8E7874CB-50B8-4C6F-BC3C-6451846404CD}.Release|x64.ActiveCfg = Release|x64
		{8E7874CB-50B8-4C6F-BC3C-6451846404CD}.Release|x64.Build.0 = Release|x64
		{8E7874CB-50B8-4C6F-BC3C-6451846404CD}.Release|x86.ActiveCfg = Release|Win32
		{8E7874CB-50B8-4C6F-BC3C-6451846404CD}.Release|x86.Build.0 = Release|Win32
		{FB9DCB63-A725-4EC4-B3C6-5C0DEF4D27A8}.Debug|x64.ActiveCfg = Debug|x64
		{FB9DCB63-A725-4EC4-B3C6-5C0DEF4D27A8}.Debug|x64.Build.0 = Debug|x64
		{FB9DCB63-A725-4EC4-B3C6-5C0DEF4D27A8}.Debug|x86.ActiveCfg = Debug|Win32
		{FB9DCB63-A725-4EC4-B3C6-5C0DEF4D27A8}.Debug|x86.Build.0 = Debug|Win32
		{FB9DCB63-A725-4EC4-B3C6-5C0DEF4D27A8}.Release|x64.ActiveCfg = Release|x64
		{FB9DCB63-A725-4EC4-B3C6-5C0DEF4D27A8}.Release|x64.Build.0 = Release|x64
		{FB9DCB63-A725-4EC4-B3C6-5C0DEF4D27A8}.Release|x86.ActiveCfg = Release|Win32
		{FB9DCB63-A725-4EC4-B3C6-5C0DEF4D27A8}.Release|x86.Build.0 = Release|Win32
		{C870FD34-82ED-4B4D-B5FB-A86BFC9391E2}.Debug|x64.ActiveCfg = Debug|x64
		{C870FD34-82ED-4B4D-B5FB-A86BFC9391E2}.Debug|x64.Build.0 = Debug|x64
		{C870FD34-82ED-4B4D-B5FB-A86BFC9391E2}.Debug|x86.ActiveCfg = Debug|Win32
		{C870FD34-82ED-4B4D-B5FB-A86BFC9391E2}.Debug|x86.Build.0 = Debug|Win32
		{C870FD34-82ED-4B4D-B5FB-A86BFC9391E2}.Release|x64.ActiveCfg = Release|x64
		{C870FD34-82ED-4B4D-B5FB-A86BFC9391E2}.Release|x64.Build.0 = Release|x64
		{C870FD34-82ED-4B4D-B5FB-A86BFC9391E2}.Release|x86.ActiveCfg = Release|Win32
		{C870FD34-82ED-4B4D-B5FB-A86BFC9391E2}.Release|x86.Build.0 = Release|Win32
		{0FDB170B-9F0D-4693-BE98-4572E40939D0}.Debug|x64.ActiveCfg = Debug|x64
		{0FDB170B-9F0D-4693-BE98-4572E40939D0}.Debug|x64.Build.0 = Debug|x64
		{0FDB170B-9F0D-4693-BE98-4572E40939D0}.Debug|x86.ActiveCfg = Debug|Win32
		{0FDB170B-9F0D-4693-BE98-4572E40939D0}.Debug|x86.Build.0 = Debug|Win32
		{0FDB170B-9F0D-4693-BE98-4572E40939D0}.Release|x64.ActiveCfg = Release|x64
		{0FDB170B-9F0D-4693-BE98-4572E40939D0}.Release|x64.Build.0 = Release|x64
		{0FDB170B-9F0D-4693-BE98-4572E40939D0}.Release|x86.ActiveCfg = Release|Win32
		{0FDB170B-9F0D-4693-BE98-4572E40939D0}.Release|x86.Build.0 = Release|Win32
		{68705E68-991A-49D8-AA5E-95B025C5ABE3}.Debug|x64.ActiveCfg = Debug|x64
		{68705E68-991A-49D8-AA5E-95B025C5ABE3}.Debug|x64.Build.0 = Debug|x64
		{68705E68-991A-49D8-AA5E-95B025C5ABE3}.Debug|x86.ActiveCfg = Debug|Win32
		{68705E68-991A-49D8-AA5E-95B025C5ABE3}.Debug|x86.Build.0 = Debug|Win32
		{68705E68-991A-49D8-AA5E-95B025C5ABE3}.Release|x64.ActiveCfg = Release|x64
		{68705E68-991A-49D8-AA5E-95B025C5ABE3}.Release|x64.Build.0 = Release|x64
		{68705E68-991A-49D8-AA5E-95B025C5ABE3}.Release|x86.ActiveCfg = Release|Win32
		{68705E68-991A-49D8-AA5E-95B025C5ABE3}.Release|x86.Build.0 = Release|Win32
		{68653F1A-2AEA-4E06-9EF5-2ADED0675BD2}.Debug|x64.ActiveCfg = Debug|x64
		{68653F1A-2AEA-4E06-9EF5-2ADED0675BD2}.Debug|x64.Build.0 = Debug|x64
		{68653F1A-2AEA-4E06-9EF5-2ADED0675BD2}.Debug|x86.ActiveCfg = Debug|Win32
		{68653F1A-2AEA-4E06-9EF5-2ADED0675BD2}.Debug|x86.Build.0 = Debug|Win32
		{68653F1A-2AEA-4E06-9EF5-2ADED0675BD2}.Release|x64.ActiveCfg = Release|x64
		{68653F1A-2AEA-4E06-9EF5-2ADED0675BD2}.Release|x64.Build.0 = Release|x64
		{68653F1A-2AEA-4E06-9EF5-2ADED0675BD2}.Release|x86.ActiveCfg = Release|Win32
		{68653F1A-2AEA-4E06-9EF5-2ADED0675BD2}.Release|x86.Build.0 = Release|Win32
		{D154D7F8-D830-4CA5-9CE0-4BABCF6A8BF4}.Debug|x64.ActiveCfg = Debug|x64
		{D154D7F8-D830-4CA5-9CE0-4BABCF6A8BF4}.Debug|x64.Build.0 = Debug|x64
		{D154D7F8-D830-4CA5-9CE0-4BABCF6A8BF4}.Debug|x86.ActiveCfg = Debug|Win32
		{D154D7F8-D830-4CA5-9CE0-4BABCF6A8BF4}.Debug|x86.Build.0 = Debug|Win32
		{D154D7F8-D830-4CA5-9CE0-4BABCF6A8BF4}.Release|x64.ActiveCfg = Release|x64
		{D154D7F8-D830-4CA5-9CE0-4BABCF6A8BF4}.Release|x64.Build.0 = Release|x64
		{D154D7F8-D830-4CA5-9CE0-4BABCF6A8BF4}.Release|x86.ActiveCfg = Release|Win32
		{D154D7F8-D830-4CA5-9CE0-4BABCF6A8BF4}.Release|x86.Build.0 = Release|Win32
		{D6CB89A1-4776-40A6-A129-305908D1BA80}.Debug|x64.ActiveCfg = Debug|x64
		{D6CB89A1-4776-40A6-A129-305908D1BA80}.Debug|x64.Build.0 = Debug|x64
		{D6CB89A1-4776-40A6-A129-305908D1BA80}.Debug|x86.ActiveCfg = Debug|Win32
		{D6CB89A1-4776-40A6-A129-305908D1BA80}.Debug|x86.Build.0 = Debug|Win32
		{D6CB89A1-4776-40A6-A129-305908D1BA80}.Release|x64.ActiveCfg = Release|x64
		{D6CB89A1-4776-40A6-A129-305908D1BA80}.Release|x64.Build.0 = Release|x64
		{D6CB89A1-4776-40A6-A129-305908D1BA80}.Release|x86.ActiveCfg = Release|Win32
		{D6CB89A1-4776-40A6-A129-305908D1BA80}.Release|x86.Build.0 = Release|Win32
		{D5C9513A-D7AA-4D29-A96B-F7FC9CC0365B}.Debug|x64.ActiveCfg = Debug|x64
		{D5C9513A-D7AA-4D29-A96B-F7FC9CC0365B}.Debug|x64.Build.0 = Debug|x64
		{D5C9513A-D7AA-4D29-A96B-F7FC9CC0365B}.Debug|x86.ActiveCfg = Debug|Win32
		{D5C9513A-D7AA-4D29-A96B-F7FC9CC0365B}.Debug|x86.Build.0 = Debug|Win32
		{D5C9513A-D7AA-4D29-A96B-F7FC9CC0365B}.Release|x64.ActiveCfg = Release|x64
		{D5C9513A-D7AA-4D29-A96B-F7FC9CC0365B}.Release|x64.Build.0 = Release|x64
		{D5C9513A-D7AA-4D29-A96B-F7FC9CC0365B}.Release|x86.ActiveCfg = Release|Win32
		{D5C9513A-D7AA-4D29-A96B-F7FC9CC0365B}.Release|x86.Build.0 = Release|Win32
		{A4B34DE2-8951-4E24-B389-8EAC661143C6}.Debug|x64.ActiveCfg = Debug|x64
		{A4B34DE2-8951-4E24-B389-8EAC661143C6}.Debug|x64.Build.0 = Debug|x64
		{A4B34DE2-8951-4E24-B389-8EAC661143C6}.Debug|x86.ActiveCfg = Debug|Win32
		{A4B34DE2-8951-4E24-B389-8EAC661143C6}.Debug|x86.Build.0 = Debug|Win32
		{A4B34DE2-8951-4E24-B389-8EAC661143C6}.Release|x64.ActiveCfg = Release|x64
		{A4B34DE2-8951-4E24-B389-8EAC661143C6}.Release|x64.Build.0 = Release|x64
		{A4B34DE2-8951-4E24-B389-8EAC661143C6}.Release|x86.ActiveCfg = Release|Win32
		{A4B34DE2-8951-4E24-B389-8EAC661143C6}.Release|x86.Build.0 = Release|Win32
		{092BCD6C-E8D9-4B95-8ED5-DA4AF4D2145A}.Debug|x64.ActiveCfg = Debug|x64
		{092BCD6C-E8D9-4B95-8ED5-DA4AF4D2145A}.Debug|x64.Build.0 = Debug|x64
		{092BCD6C-E8D9-4B95-8ED5-DA4AF4D2145A}.Debug|x86.ActiveCfg = Debug|Win32
		{092BCD6C-E8D9-4B95-8ED5-DA4AF4D2145A}.Debug|x86.Build.0 = Debug|Win32
		{092BCD6C-E8D9-4B95-8ED5-DA4AF4D2145A}.Release|x64.ActiveCfg = Release|x64
		{092BCD6C-E8D9-4B95-8ED5-DA4AF4D2145A}.Release|x64.Build.0 = Release|x64
		{092BCD6C-E8D9-4B95-8ED5-DA4AF4D2145A}.Release|x86.ActiveCfg = Release|Win32
		{092BCD6C-E8D9-4B95-8ED5-DA4AF4D2145A}.Release|x86.Build.0 = Release|Win32
		{0CC58D3C-38D5-40DB-824B-539A5BA6F5C2}.Debug|x64.ActiveCfg = Debug|x64
		{0CC58D3C-38D5-40DB-824B-539A5BA6F5C2}.Debug|x64.Build.0 = Debug|x64
		{0CC58D3C-38D5-40DB-824B-539A5BA6F5C2}.Debug|x86.ActiveCfg = Debug|Win32
		{0CC58D3C-38D5-40DB-824B-539A5BA6F5C2}.Debug|x86.Build.0 = Debug|Win32
		{0CC58D3C-38D5-40DB-824B-539A5BA6F5C2}.Release|x64.ActiveCfg = Release|x64
		{0CC58D3C-38D5-40DB-824B-539A5BA6F5C2}.Release|x64.Build.0 = Release|x64
		{0CC58D3C-38D5-40DB-824B-539A5BA6F5C2}.Release|x86.ActiveCfg = Release|Win32
		{0CC58D3C-38D5-40DB-824B-539A5BA6F5C2}.Release|x86.Build.0 = Release|Win32
		{FF812283-2393-4151-A477-8B50B18F1D55}.Debug|x64.ActiveCfg = Debug|x64
		{FF812283-2393-4151-A477-8B50B18F1D55}.Debug|x64.Build.0 = Debug|x64
		{FF812283-2393-4151-A477-8B50B18F1D55}.Debug|x86.ActiveCfg = Debug|Win32
		{FF812283-2393-4151-A477-8B50B18F1D55}.Debug|x86.Build.0 = Debug|Win32
		{FF812283-2393-4151-A477-8B50B18F1D55}.Release|x64.ActiveCfg = Release|x64
		{FF812283-2393-4151-A477-8B50B18F1D55}.Release|x64.Build.0 = Release|x64
		{FF812283-2393-4151-A477-8B50B18F1D55}.Release|x86.ActiveCfg = Release|Win32
		{FF812283-2393-4151-A477-8B50B18F1D55}.Release|x86.Build.0 = Release|Win32
		{AC2C9A02-4A2E-405D-9019-AA21EC311A7D}.Debug|x64.ActiveCfg = Debug|x64
		{AC2C9A02-4A2E-405D-9019-AA21EC311A7D}.Debug|x64.Build.0 = Debug|x64
		{AC2C9A02-4A2E-405D-9019-AA21EC311A7D}.Debug|x86.ActiveCfg = Debug|Win32
		{AC2C9A02-4A2E-405D-9019-AA21EC311A7D}.Debug|x86.Build.0 = Debug|Win32
		{AC2C9A02-4A2E-405D-9019-AA21EC311A7D}.Release|x64.ActiveCfg = Release|x64
		{AC2C9A02-4A2E-405D-9019-AA21EC311A7D}.Release|x64.Build.0 = Release|x64
		{AC2C9A02-4A2E-405D-9019-AA21EC311A7D}.Release|x86.ActiveCfg = Release|Win32
		{AC2C9A02-4A2E-405D-9019-AA21EC311A7D}.Release|x86.Build.0 = Release|Win32
		{CACDA517-0775-4457-88D1-761E930CDD7C}.Debug|x64.ActiveCfg = Debug|x64
		{CACDA517-0775-4457-88D1-761E930CDD7C}.Debug|x64.Build.0 = Debug|x64
		{CACDA517-0775-4457-88D1-761E930CDD7C}.Debug|x86.ActiveCfg = Debug|Win32
		{CACDA517-0775-4457-88D1-761E930CDD7C}.Debug|x86.Build.0 = Debug|Win32
		{CACDA517-0775-4457-88D1-761E930CDD7C}.Release|x64.ActiveCfg = Release|x64
		{CACDA517-0775-4457-88D1-761E930CDD7C}.Release|x64.Build.0 = Release|x64
		{CACDA517-0775-4457-88D1-761E930CDD7C}.Release|x86.ActiveCfg = Release|Win32
		{CACDA517-0775-4457-88D1-761E930CDD7C}.Release|x86.Build.0 = Release|Win32
		{9653ABCE-7023-48B7-B116-4C912AD89273}.Debug|x64.ActiveCfg = Debug|x64
		{9653ABCE-7023-48B7-B116-4C912AD89273}.Debug|x64.Build.0 = Debug|x64
		{9653ABCE-7023-48B7-B116-4C912AD89273}.Debug|x86.ActiveCfg = Debug|Win32
		{9653ABCE-7023-48B7-B116-4C912AD89273}.Debug|x86.Build.0 = Debug|Win32
		{9653ABCE-7023-48B7-B116-4C912AD89273}.Release|x64.ActiveCfg = Release|x64
		{9653ABCE-7023-48B7-B116-4C912AD89273}.Release|x64.Build.0 = Release|x64
		{9653ABCE-7023-48B7-B116-4C912AD89273}.Release|x86.ActiveCfg = Release|Win32
		{9653ABCE-7023-48B7-B116-4C912AD89273}.Release|x86.Build.0 = Release|Win32
		{74E76219-4089-4069-9138-8C4AA1BA80B0}.Debug|x64.ActiveCfg = Debug|x64
		{74E76219-4089-4069-9138-8C4AA1BA80B0}.Debug|x64.Build.0 = Debug|x64
		{74E76219-4089-4069-9138-8C4AA1BA80B0}.Debug|x86.ActiveCfg = Debug|Win32
		{74E76219-4089-4069-9138-8C4AA1BA80B0}.Debug|x86.Build.0 = Debug|Win32
		{74E76219-4089-4069-9138-8C4AA1BA80B0}.Release|x64.ActiveCfg = Release|x64
		{74E76219-4089-4069-9138-8C4AA1BA80B0}.Release|x64.Build.0 = Release|x64
		{74E76219-4089-4069-9138-8C4AA1BA80B0}.Release|x86.ActiveCfg = Release|Win32
		{74E76219-4089-4069-9138-8C4AA1BA80B0}.Release|x86.Build.0 = Release|Win32
		{DC759BF7-584A-4D08-A911-6DCFAF443F34}.Debug|x64.ActiveCfg = Debug|x64
		{DC759BF7-584A-4D08-A911-6DCFAF443F34}.Debug|x64.Build.0 = Debug|x64
		{DC759BF7-584A-4D08-A911-6DCFAF443F34}.Debug|x86.ActiveCfg = Debug|Win32
		{DC759BF7-584A-4D08-A911-6DCFAF443F34}.Debug|x86.Build.0 = Debug|Win32
		{DC759BF7-584A-4D08-A911-6DCFAF443F34}.Release|x64.ActiveCfg = Release|x64
		{DC759BF7-584A-4D08-A911-6DCFAF443F34}.Release|x64.Build.0 = Release|x64
		{DC759BF7-584A-4D08-A911-6DCFAF443F34}.Release|x86.ActiveCfg = Release|Win32
		{DC759BF7-584A-4D08-A911-6DCFAF443F34}.Release|x86.Build.0 = Release|Win32
		{90E45314-8AFE-4D2D-B6F3-019C64A7801B}.Debug|x64.ActiveCfg = Debug|x64
		{90E45314-8AFE-4D2D-B6F3-019C64A7801B}.Debug|x64.Build.0 = Debug|x64
		{90E45314-8AFE-4D2D-B6F3-019C64A7801B}.Debug|x86.ActiveCfg = Debug|Win32
		{90E45314-8AFE-4D2D-B6F3-019C64A7801B}.Debug|x86.Build.0 = Debug|Win32
		{90E45314-8AFE-4D2D-B6F3-019C64A7801B}.Release|x64.ActiveCfg = Release|x64
		{90E45314-8AFE-4D2D-B6F3-019C64A7801B}.Release|x64.Build.0 = Release|x64
		{90E45314-8AFE-4D2D-B6F3-019C64A7801B}.Release|x86.ActiveCfg = Release|Win32
		{90E45314-8AFE-4D2D-B6F3-019C64A7801B}.Release|x86.Build.0 = Release|Win32
	EndGlobalSection
	GlobalSection(SolutionProperties) = preSolution
		HideSolutionNode = FALSE
	EndGlobalSection
	GlobalSection(ExtensibilityGlobals) = postSolution
		SolutionGuid = {C0F77449-B43B-4526-8CCB-DFED226399ED}
	EndGlobalSection
EndGlobal
