
Microsoft Visual Studio Solution File, Format Version 12.00
# Visual Studio Version 16
VisualStudioVersion = 16.0.28803.452
MinimumVisualStudioVersion = 10.0.40219.1
Project("{FAE04EC0-301F-11D3-BF4B-00C04F79EFBC}") = "WindowsFormsApp1", "WindowsFormsApp1\WindowsFormsApp1.csproj", "{FED89CC5-38FB-474D-ACA5-53BE029ADA19}"
EndProject
Global
	GlobalSection(SolutionConfigurationPlatforms) = preSolution
		Debug|Any CPU = Debug|Any CPU
		Release|Any CPU = Release|Any CPU
	EndGlobalSection
	GlobalSection(ProjectConfigurationPlatforms) = postSolution
		{FED89CC5-38FB-474D-ACA5-53BE029ADA19}.Debug|Any CPU.ActiveCfg = Debug|Any CPU
		{FED89CC5-38FB-474D-ACA5-53BE029ADA19}.Debug|Any CPU.Build.0 = Debug|Any CPU
		{FED89CC5-38FB-474D-ACA5-53BE029ADA19}.Release|Any CPU.ActiveCfg = Release|Any CPU
		{FED89CC5-38FB-474D-ACA5-53BE029ADA19}.Release|Any CPU.Build.0 = Release|Any CPU
	EndGlobalSection
	GlobalSection(SolutionProperties) = preSolution
		HideSolutionNode = FALSE
	EndGlobalSection
	GlobalSection(ExtensibilityGlobals) = postSolution
		SolutionGuid = {47E6CE63-5675-4AAC-B082-DF449F902B42}
	EndGlobalSection
EndGlobal
