
Microsoft Visual Studio Solution File, Format Version 12.00
# Visual Studio Version 16
VisualStudioVersion = 16.0.30804.86
MinimumVisualStudioVersion = 10.0.40219.1
Project("{FAE04EC0-301F-11D3-BF4B-00C04F79EFBC}") = "MyFirstWpf", "MyFirstWpf\MyFirstWpf.csproj", "{6231E780-B976-4C75-AA42-CCBEB3FF1C83}"
EndProject
Global
	GlobalSection(SolutionConfigurationPlatforms) = preSolution
		Debug|Any CPU = Debug|Any CPU
		Release|Any CPU = Release|Any CPU
	EndGlobalSection
	GlobalSection(ProjectConfigurationPlatforms) = postSolution
		{6231E780-B976-4C75-AA42-CCBEB3FF1C83}.Debug|Any CPU.ActiveCfg = Debug|Any CPU
		{6231E780-B976-4C75-AA42-CCBEB3FF1C83}.Debug|Any CPU.Build.0 = Debug|Any CPU
		{6231E780-B976-4C75-AA42-CCBEB3FF1C83}.Release|Any CPU.ActiveCfg = Release|Any CPU
		{6231E780-B976-4C75-AA42-CCBEB3FF1C83}.Release|Any CPU.Build.0 = Release|Any CPU
	EndGlobalSection
	GlobalSection(SolutionProperties) = preSolution
		HideSolutionNode = FALSE
	EndGlobalSection
	GlobalSection(ExtensibilityGlobals) = postSolution
		SolutionGuid = {803324B9-3273-4E3D-9C2A-A161B2A2BF2D}
	EndGlobalSection
EndGlobal
